
Microsoft Visual Studio Solution File, Format Version 12.00
# Visual Studio Version 17
VisualStudioVersion = 17.4.33122.133
MinimumVisualStudioVersion = 10.0.40219.1
Project("{FAE04EC0-301F-11D3-BF4B-00C04F79EFBC}") = "QRScanExample", "QRScanExample.csproj", "{42527252-F1A4-4284-B528-2A06D5D002CF}"
EndProject
Global
	GlobalSection(SolutionConfigurationPlatforms) = preSolution
		Debug|Any CPU = Debug|Any CPU
		Release|Any CPU = Release|Any CPU
	EndGlobalSection
	GlobalSection(ProjectConfigurationPlatforms) = postSolution
		{42527252-F1A4-4284-B528-2A06D5D002CF}.Debug|Any CPU.ActiveCfg = Debug|Any CPU
		{42527252-F1A4-4284-B528-2A06D5D002CF}.Debug|Any CPU.Build.0 = Debug|Any CPU
		{42527252-F1A4-4284-B528-2A06D5D002CF}.Release|Any CPU.ActiveCfg = Release|Any CPU
		{42527252-F1A4-4284-B528-2A06D5D002CF}.Release|Any CPU.Build.0 = Release|Any CPU
	EndGlobalSection
	GlobalSection(SolutionProperties) = preSolution
		HideSolutionNode = FALSE
	EndGlobalSection
	GlobalSection(ExtensibilityGlobals) = postSolution
		SolutionGuid = {9E9D5315-634C-43B0-BE87-ADBFDB208625}
	EndGlobalSection
EndGlobal
